
Microsoft Visual Studio Solution File, Format Version 12.00
# Visual Studio Version 17
VisualStudioVersion = 17.0.31903.59
MinimumVisualStudioVersion = 10.0.40219.1
Project("{2150E333-8FDC-42A3-9474-1A3956D46DE8}") = "src", "src", "{D2799B86-61E0-4571-8F87-A52E606832A5}"
EndProject
Project("{FAE04EC0-301F-11D3-BF4B-00C04F79EFBC}") = "Mermaid.Flowcharts", "src\Mermaid.Flowcharts\Mermaid.Flowcharts.csproj", "{91B814B4-A98C-4286-B3A8-CEFA8C1AFEC5}"
EndProject
Project("{2150E333-8FDC-42A3-9474-1A3956D46DE8}") = "tests", "tests", "{A357B068-02A7-439B-AF04-0D1E7B18AFA2}"
EndProject
Project("{FAE04EC0-301F-11D3-BF4B-00C04F79EFBC}") = "Mermaid.Flowcharts.Tests", "tests\Mermaid.Flowcharts.Tests\Mermaid.Flowcharts.Tests.csproj", "{236B4097-6F72-4AB9-9455-6B75C333F96E}"
EndProject
Global
	GlobalSection(SolutionConfigurationPlatforms) = preSolution
		Debug|Any CPU = Debug|Any CPU
		Release|Any CPU = Release|Any CPU
	EndGlobalSection
	GlobalSection(SolutionProperties) = preSolution
		HideSolutionNode = FALSE
	EndGlobalSection
	GlobalSection(ProjectConfigurationPlatforms) = postSolution
		{91B814B4-A98C-4286-B3A8-CEFA8C1AFEC5}.Debug|Any CPU.ActiveCfg = Debug|Any CPU
		{91B814B4-A98C-4286-B3A8-CEFA8C1AFEC5}.Debug|Any CPU.Build.0 = Debug|Any CPU
		{91B814B4-A98C-4286-B3A8-CEFA8C1AFEC5}.Release|Any CPU.ActiveCfg = Release|Any CPU
		{91B814B4-A98C-4286-B3A8-CEFA8C1AFEC5}.Release|Any CPU.Build.0 = Release|Any CPU
		{236B4097-6F72-4AB9-9455-6B75C333F96E}.Debug|Any CPU.ActiveCfg = Debug|Any CPU
		{236B4097-6F72-4AB9-9455-6B75C333F96E}.Debug|Any CPU.Build.0 = Debug|Any CPU
		{236B4097-6F72-4AB9-9455-6B75C333F96E}.Release|Any CPU.ActiveCfg = Release|Any CPU
		{236B4097-6F72-4AB9-9455-6B75C333F96E}.Release|Any CPU.Build.0 = Release|Any CPU
	EndGlobalSection
	GlobalSection(NestedProjects) = preSolution
		{91B814B4-A98C-4286-B3A8-CEFA8C1AFEC5} = {D2799B86-61E0-4571-8F87-A52E606832A5}
		{236B4097-6F72-4AB9-9455-6B75C333F96E} = {A357B068-02A7-439B-AF04-0D1E7B18AFA2}
	EndGlobalSection
EndGlobal
